
Microsoft Visual Studio Solution File, Format Version 12.00
# Visual Studio Version 17
VisualStudioVersion = 17.1.32319.34
MinimumVisualStudioVersion = 10.0.40219.1
Project("{FAE04EC0-301F-11D3-BF4B-00C04F79EFBC}") = "NASAImages", "NASAImages\NASAImages.csproj", "{120F4648-AFA6-4375-818D-E0E1FCBBCA63}"
EndProject
Global
	GlobalSection(SolutionConfigurationPlatforms) = preSolution
		Debug|Any CPU = Debug|Any CPU
		Release|Any CPU = Release|Any CPU
	EndGlobalSection
	GlobalSection(ProjectConfigurationPlatforms) = postSolution
		{120F4648-AFA6-4375-818D-E0E1FCBBCA63}.Debug|Any CPU.ActiveCfg = Debug|Any CPU
		{120F4648-AFA6-4375-818D-E0E1FCBBCA63}.Debug|Any CPU.Build.0 = Debug|Any CPU
		{120F4648-AFA6-4375-818D-E0E1FCBBCA63}.Release|Any CPU.ActiveCfg = Release|Any CPU
		{120F4648-AFA6-4375-818D-E0E1FCBBCA63}.Release|Any CPU.Build.0 = Release|Any CPU
	EndGlobalSection
	GlobalSection(SolutionProperties) = preSolution
		HideSolutionNode = FALSE
	EndGlobalSection
	GlobalSection(ExtensibilityGlobals) = postSolution
		SolutionGuid = {ABA005C8-7B8F-46FD-A390-BBB451EA27B8}
	EndGlobalSection
EndGlobal
